{
  "name": "tile-stitch",
  "lockfileVersion": 3,
  "requires": true,
  "packages": {
    "": {
      "dependencies": {
        "bulma": "*",
        "leaflet.sync": "0.0.5"
      }
    },
    "node_modules/bulma": {
      "version": "0.9.4",
      "resolved": "https://registry.npmjs.org/bulma/-/bulma-0.9.4.tgz",
      "integrity": "sha512-86FlT5+1GrsgKbPLRRY7cGDg8fsJiP/jzTqXXVqiUZZ2aZT8uemEOHlU1CDU+TxklPEZ11HZNNWclRBBecP4CQ=="
    },
    "node_modules/leaflet.sync": {
      "version": "0.0.5",
      "resolved": "https://registry.npmjs.org/leaflet.sync/-/leaflet.sync-0.0.5.tgz",
      "integrity": "sha512-iFhtxs57VdfzEi+7ecAC4IXSpKouEDcQDgubqajdwzt+0qvTpHKGD6NquKcPclIfnlz8cZu9zcLcPM0DG02fNg=="
    }
  }
}
